
Microsoft Visual Studio Solution File, Format Version 12.00
# Visual Studio 15
VisualStudioVersion = 15.0.27428.2027
MinimumVisualStudioVersion = 10.0.40219.1
Project("{FAE04EC0-301F-11D3-BF4B-00C04F79EFBC}") = "RightslineDemoAppDotNetV2", "RightslineDemoAppDotNetV2\RightslineDemoAppDotNetV2.csproj", "{36E3539C-2020-4D80-ABCD-7F7B95C0BFAB}"
EndProject
Project("{FAE04EC0-301F-11D3-BF4B-00C04F79EFBC}") = "RightslineDemoAppDotNetV3", "RightslineDemoAppDotNetV3\RightslineDemoAppDotNetV3.csproj", "{DE622142-D612-4415-8059-341051DA9469}"
EndProject
Global
	GlobalSection(SolutionConfigurationPlatforms) = preSolution
		Debug|Any CPU = Debug|Any CPU
		Release|Any CPU = Release|Any CPU
	EndGlobalSection
	GlobalSection(ProjectConfigurationPlatforms) = postSolution
		{36E3539C-2020-4D80-ABCD-7F7B95C0BFAB}.Debug|Any CPU.ActiveCfg = Debug|Any CPU
		{36E3539C-2020-4D80-ABCD-7F7B95C0BFAB}.Debug|Any CPU.Build.0 = Debug|Any CPU
		{36E3539C-2020-4D80-ABCD-7F7B95C0BFAB}.Release|Any CPU.ActiveCfg = Release|Any CPU
		{36E3539C-2020-4D80-ABCD-7F7B95C0BFAB}.Release|Any CPU.Build.0 = Release|Any CPU
		{DE622142-D612-4415-8059-341051DA9469}.Debug|Any CPU.ActiveCfg = Debug|Any CPU
		{DE622142-D612-4415-8059-341051DA9469}.Debug|Any CPU.Build.0 = Debug|Any CPU
		{DE622142-D612-4415-8059-341051DA9469}.Release|Any CPU.ActiveCfg = Release|Any CPU
		{DE622142-D612-4415-8059-341051DA9469}.Release|Any CPU.Build.0 = Release|Any CPU
	EndGlobalSection
	GlobalSection(SolutionProperties) = preSolution
		HideSolutionNode = FALSE
	EndGlobalSection
	GlobalSection(ExtensibilityGlobals) = postSolution
		SolutionGuid = {EBEFC968-61D9-4582-BAD9-2A716DDDF027}
	EndGlobalSection
EndGlobal
